// !$*UTF8*$!
{
	archiveVersion = 1;
	classes = {
	};
	objectVersion = 46;
	objects = {

/* Begin PBXBuildFile section */
		60C4B06218637E9F0086CDC4 /* Foundation.framework in Frameworks */ = {isa = PBXBuildFile; fileRef = 60C4B06118637E9F0086CDC4 /* Foundation.framework */; };
		60C4B06418637E9F0086CDC4 /* CoreGraphics.framework in Frameworks */ = {isa = PBXBuildFile; fileRef = 60C4B06318637E9F0086CDC4 /* CoreGraphics.framework */; };
		60C4B06618637E9F0086CDC4 /* UIKit.framework in Frameworks */ = {isa = PBXBuildFile; fileRef = 60C4B06518637E9F0086CDC4 /* UIKit.framework */; };
		60C4B06C18637E9F0086CDC4 /* InfoPlist.strings in Resources */ = {isa = PBXBuildFile; fileRef = 60C4B06A18637E9F0086CDC4 /* InfoPlist.strings */; };
		60C4B06E18637E9F0086CDC4 /* main.m in Sources */ = {isa = PBXBuildFile; fileRef = 60C4B06D18637E9F0086CDC4 /* main.m */; };
		60C4B07218637E9F0086CDC4 /* ADAppDelegate.m in Sources */ = {isa = PBXBuildFile; fileRef = 60C4B07118637E9F0086CDC4 /* ADAppDelegate.m */; };
		60C4B07418637E9F0086CDC4 /* Images.xcassets in Resources */ = {isa = PBXBuildFile; fileRef = 60C4B07318637E9F0086CDC4 /* Images.xcassets */; };
		60C4B07B18637E9F0086CDC4 /* XCTest.framework in Frameworks */ = {isa = PBXBuildFile; fileRef = 60C4B07A18637E9F0086CDC4 /* XCTest.framework */; };
		60C4B07C18637E9F0086CDC4 /* Foundation.framework in Frameworks */ = {isa = PBXBuildFile; fileRef = 60C4B06118637E9F0086CDC4 /* Foundation.framework */; };
		60C4B07D18637E9F0086CDC4 /* UIKit.framework in Frameworks */ = {isa = PBXBuildFile; fileRef = 60C4B06518637E9F0086CDC4 /* UIKit.framework */; };
		60C4B08518637E9F0086CDC4 /* InfoPlist.strings in Resources */ = {isa = PBXBuildFile; fileRef = 60C4B08318637E9F0086CDC4 /* InfoPlist.strings */; };
		60C4B08718637E9F0086CDC4 /* Lesson12_HW_1Tests.m in Sources */ = {isa = PBXBuildFile; fileRef = 60C4B08618637E9F0086CDC4 /* Lesson12_HW_1Tests.m */; };
		60C4B09218637EEA0086CDC4 /* ADPatient.m in Sources */ = {isa = PBXBuildFile; fileRef = 60C4B09118637EEA0086CDC4 /* ADPatient.m */; };
/* End PBXBuildFile section */

/* Begin PBXContainerItemProxy section */
		60C4B07E18637E9F0086CDC4 /* PBXContainerItemProxy */ = {
			isa = PBXContainerItemProxy;
			containerPortal = 60C4B05618637E9F0086CDC4 /* Project object */;
			proxyType = 1;
			remoteGlobalIDString = 60C4B05D18637E9F0086CDC4;
			remoteInfo = Lesson12_HW_1;
		};
/* End PBXContainerItemProxy section */

/* Begin PBXFileReference section */
		60C4B05E18637E9F0086CDC4 /* Lesson12_HW_1.app */ = {isa = PBXFileReference; explicitFileType = wrapper.application; includeInIndex = 0; path = Lesson12_HW_1.app; sourceTree = BUILT_PRODUCTS_DIR; };
		60C4B06118637E9F0086CDC4 /* Foundation.framework */ = {isa = PBXFileReference; lastKnownFileType = wrapper.framework; name = Foundation.framework; path = System/Library/Frameworks/Foundation.framework; sourceTree = SDKROOT; };
		60C4B06318637E9F0086CDC4 /* CoreGraphics.framework */ = {isa = PBXFileReference; lastKnownFileType = wrapper.framework; name = CoreGraphics.framework; path = System/Library/Frameworks/CoreGraphics.framework; sourceTree = SDKROOT; };
		60C4B06518637E9F0086CDC4 /* UIKit.framework */ = {isa = PBXFileReference; lastKnownFileType = wrapper.framework; name = UIKit.framework; path = System/Library/Frameworks/UIKit.framework; sourceTree = SDKROOT; };
		60C4B06918637E9F0086CDC4 /* Lesson12_HW_1-Info.plist */ = {isa = PBXFileReference; lastKnownFileType = text.plist.xml; path = "Lesson12_HW_1-Info.plist"; sourceTree = "<group>"; };
		60C4B06B18637E9F0086CDC4 /* en */ = {isa = PBXFileReference; lastKnownFileType = text.plist.strings; name = en; path = en.lproj/InfoPlist.strings; sourceTree = "<group>"; };
		60C4B06D18637E9F0086CDC4 /* main.m */ = {isa = PBXFileReference; lastKnownFileType = sourcecode.c.objc; path = main.m; sourceTree = "<group>"; };
		60C4B06F18637E9F0086CDC4 /* Lesson12_HW_1-Prefix.pch */ = {isa = PBXFileReference; lastKnownFileType = sourcecode.c.h; path = "Lesson12_HW_1-Prefix.pch"; sourceTree = "<group>"; };
		60C4B07018637E9F0086CDC4 /* ADAppDelegate.h */ = {isa = PBXFileReference; lastKnownFileType = sourcecode.c.h; path = ADAppDelegate.h; sourceTree = "<group>"; };
		60C4B07118637E9F0086CDC4 /* ADAppDelegate.m */ = {isa = PBXFileReference; lastKnownFileType = sourcecode.c.objc; path = ADAppDelegate.m; sourceTree = "<group>"; };
		60C4B07318637E9F0086CDC4 /* Images.xcassets */ = {isa = PBXFileReference; lastKnownFileType = folder.assetcatalog; path = Images.xcassets; sourceTree = "<group>"; };
		60C4B07918637E9F0086CDC4 /* Lesson12_HW_1Tests.xctest */ = {isa = PBXFileReference; explicitFileType = wrapper.cfbundle; includeInIndex = 0; path = Lesson12_HW_1Tests.xctest; sourceTree = BUILT_PRODUCTS_DIR; };
		60C4B07A18637E9F0086CDC4 /* XCTest.framework */ = {isa = PBXFileReference; lastKnownFileType = wrapper.framework; name = XCTest.framework; path = Library/Frameworks/XCTest.framework; sourceTree = DEVELOPER_DIR; };
		60C4B08218637E9F0086CDC4 /* Lesson12_HW_1Tests-Info.plist */ = {isa = PBXFileReference; lastKnownFileType = text.plist.xml; path = "Lesson12_HW_1Tests-Info.plist"; sourceTree = "<group>"; };
		60C4B08418637E9F0086CDC4 /* en */ = {isa = PBXFileReference; lastKnownFileType = text.plist.strings; name = en; path = en.lproj/InfoPlist.strings; sourceTree = "<group>"; };
		60C4B08618637E9F0086CDC4 /* Lesson12_HW_1Tests.m */ = {isa = PBXFileReference; lastKnownFileType = sourcecode.c.objc; path = Lesson12_HW_1Tests.m; sourceTree = "<group>"; };
		60C4B09018637EEA0086CDC4 /* ADPatient.h */ = {isa = PBXFileReference; fileEncoding = 4; lastKnownFileType = sourcecode.c.h; path = ADPatient.h; sourceTree = "<group>"; };
		60C4B09118637EEA0086CDC4 /* ADPatient.m */ = {isa = PBXFileReference; fileEncoding = 4; lastKnownFileType = sourcecode.c.objc; path = ADPatient.m; sourceTree = "<group>"; };
/* End PBXFileReference section */

/* Begin PBXFrameworksBuildPhase section */
		60C4B05B18637E9F0086CDC4 /* Frameworks */ = {
			isa = PBXFrameworksBuildPhase;
			buildActionMask = 2147483647;
			files = (
				60C4B06418637E9F0086CDC4 /* CoreGraphics.framework in Frameworks */,
				60C4B06618637E9F0086CDC4 /* UIKit.framework in Frameworks */,
				60C4B06218637E9F0086CDC4 /* Foundation.framework in Frameworks */,
			);
			runOnlyForDeploymentPostprocessing = 0;
		};
		60C4B07618637E9F0086CDC4 /* Frameworks */ = {
			isa = PBXFrameworksBuildPhase;
			buildActionMask = 2147483647;
			files = (
				60C4B07B18637E9F0086CDC4 /* XCTest.framework in Frameworks */,
				60C4B07D18637E9F0086CDC4 /* UIKit.framework in Frameworks */,
				60C4B07C18637E9F0086CDC4 /* Foundation.framework in Frameworks */,
			);
			runOnlyForDeploymentPostprocessing = 0;
		};
/* End PBXFrameworksBuildPhase section */

/* Begin PBXGroup section */
		60C4B05518637E9F0086CDC4 = {
			isa = PBXGroup;
			children = (
				60C4B06718637E9F0086CDC4 /* Lesson12_HW_1 */,
				60C4B08018637E9F0086CDC4 /* Lesson12_HW_1Tests */,
				60C4B06018637E9F0086CDC4 /* Frameworks */,
				60C4B05F18637E9F0086CDC4 /* Products */,
			);
			sourceTree = "<group>";
		};
		60C4B05F18637E9F0086CDC4 /* Products */ = {
			isa = PBXGroup;
			children = (
				60C4B05E18637E9F0086CDC4 /* Lesson12_HW_1.app */,
				60C4B07918637E9F0086CDC4 /* Lesson12_HW_1Tests.xctest */,
			);
			name = Products;
			sourceTree = "<group>";
		};
		60C4B06018637E9F0086CDC4 /* Frameworks */ = {
			isa = PBXGroup;
			children = (
				60C4B06118637E9F0086CDC4 /* Foundation.framework */,
				60C4B06318637E9F0086CDC4 /* CoreGraphics.framework */,
				60C4B06518637E9F0086CDC4 /* UIKit.framework */,
				60C4B07A18637E9F0086CDC4 /* XCTest.framework */,
			);
			name = Frameworks;
			sourceTree = "<group>";
		};
		60C4B06718637E9F0086CDC4 /* Lesson12_HW_1 */ = {
			isa = PBXGroup;
			children = (
				60C4B09018637EEA0086CDC4 /* ADPatient.h */,
				60C4B09118637EEA0086CDC4 /* ADPatient.m */,
				60C4B07018637E9F0086CDC4 /* ADAppDelegate.h */,
				60C4B07118637E9F0086CDC4 /* ADAppDelegate.m */,
				60C4B07318637E9F0086CDC4 /* Images.xcassets */,
				60C4B06818637E9F0086CDC4 /* Supporting Files */,
			);
			path = Lesson12_HW_1;
			sourceTree = "<group>";
		};
		60C4B06818637E9F0086CDC4 /* Supporting Files */ = {
			isa = PBXGroup;
			children = (
				60C4B06918637E9F0086CDC4 /* Lesson12_HW_1-Info.plist */,
				60C4B06A18637E9F0086CDC4 /* InfoPlist.strings */,
				60C4B06D18637E9F0086CDC4 /* main.m */,
				60C4B06F18637E9F0086CDC4 /* Lesson12_HW_1-Prefix.pch */,
			);
			name = "Supporting Files";
			sourceTree = "<group>";
		};
		60C4B08018637E9F0086CDC4 /* Lesson12_HW_1Tests */ = {
			isa = PBXGroup;
			children = (
				60C4B08618637E9F0086CDC4 /* Lesson12_HW_1Tests.m */,
				60C4B08118637E9F0086CDC4 /* Supporting Files */,
			);
			path = Lesson12_HW_1Tests;
			sourceTree = "<group>";
		};
		60C4B08118637E9F0086CDC4 /* Supporting Files */ = {
			isa = PBXGroup;
			children = (
				60C4B08218637E9F0086CDC4 /* Lesson12_HW_1Tests-Info.plist */,
				60C4B08318637E9F0086CDC4 /* InfoPlist.strings */,
			);
			name = "Supporting Files";
			sourceTree = "<group>";
		};
/* End PBXGroup section */

/* Begin PBXNativeTarget section */
		60C4B05D18637E9F0086CDC4 /* Lesson12_HW_1 */ = {
			isa = PBXNativeTarget;
			buildConfigurationList = 60C4B08A18637E9F0086CDC4 /* Build configuration list for PBXNativeTarget "Lesson12_HW_1" */;
			buildPhases = (
				60C4B05A18637E9F0086CDC4 /* Sources */,
				60C4B05B18637E9F0086CDC4 /* Frameworks */,
				60C4B05C18637E9F0086CDC4 /* Resources */,
			);
			buildRules = (
			);
			dependencies = (
			);
			name = Lesson12_HW_1;
			productName = Lesson12_HW_1;
			productReference = 60C4B05E18637E9F0086CDC4 /* Lesson12_HW_1.app */;
			productType = "com.apple.product-type.application";
		};
		60C4B07818637E9F0086CDC4 /* Lesson12_HW_1Tests */ = {
			isa = PBXNativeTarget;
			buildConfigurationList = 60C4B08D18637E9F0086CDC4 /* Build configuration list for PBXNativeTarget "Lesson12_HW_1Tests" */;
			buildPhases = (
				60C4B07518637E9F0086CDC4 /* Sources */,
				60C4B07618637E9F0086CDC4 /* Frameworks */,
				60C4B07718637E9F0086CDC4 /* Resources */,
			);
			buildRules = (
			);
			dependencies = (
				60C4B07F18637E9F0086CDC4 /* PBXTargetDependency */,
			);
			name = Lesson12_HW_1Tests;
			productName = Lesson12_HW_1Tests;
			productReference = 60C4B07918637E9F0086CDC4 /* Lesson12_HW_1Tests.xctest */;
			productType = "com.apple.product-type.bundle.unit-test";
		};
/* End PBXNativeTarget section */

/* Begin PBXProject section */
		60C4B05618637E9F0086CDC4 /* Project object */ = {
			isa = PBXProject;
			attributes = {
				CLASSPREFIX = AD;
				LastUpgradeCheck = 0500;
				ORGANIZATIONNAME = AD;
				TargetAttributes = {
					60C4B07818637E9F0086CDC4 = {
						TestTargetID = 60C4B05D18637E9F0086CDC4;
					};
				};
			};
			buildConfigurationList = 60C4B05918637E9F0086CDC4 /* Build configuration list for PBXProject "Lesson12_HW_1" */;
			compatibilityVersion = "Xcode 3.2";
			developmentRegion = English;
			hasScannedForEncodings = 0;
			knownRegions = (
				en,
			);
			mainGroup = 60C4B05518637E9F0086CDC4;
			productRefGroup = 60C4B05F18637E9F0086CDC4 /* Products */;
			projectDirPath = "";
			projectRoot = "";
			targets = (
				60C4B05D18637E9F0086CDC4 /* Lesson12_HW_1 */,
				60C4B07818637E9F0086CDC4 /* Lesson12_HW_1Tests */,
			);
		};
/* End PBXProject section */

/* Begin PBXResourcesBuildPhase section */
		60C4B05C18637E9F0086CDC4 /* Resources */ = {
			isa = PBXResourcesBuildPhase;
			buildActionMask = 2147483647;
			files = (
				60C4B06C18637E9F0086CDC4 /* InfoPlist.strings in Resources */,
				60C4B07418637E9F0086CDC4 /* Images.xcassets in Resources */,
			);
			runOnlyForDeploymentPostprocessing = 0;
		};
		60C4B07718637E9F0086CDC4 /* Resources */ = {
			isa = PBXResourcesBuildPhase;
			buildActionMask = 2147483647;
			files = (
				60C4B08518637E9F0086CDC4 /* InfoPlist.strings in Resources */,
			);
			runOnlyForDeploymentPostprocessing = 0;
		};
/* End PBXResourcesBuildPhase section */

/* Begin PBXSourcesBuildPhase section */
		60C4B05A18637E9F0086CDC4 /* Sources */ = {
			isa = PBXSourcesBuildPhase;
			buildActionMask = 2147483647;
			files = (
				60C4B06E18637E9F0086CDC4 /* main.m in Sources */,
				60C4B07218637E9F0086CDC4 /* ADAppDelegate.m in Sources */,
				60C4B09218637EEA0086CDC4 /* ADPatient.m in Sources */,
			);
			runOnlyForDeploymentPostprocessing = 0;
		};
		60C4B07518637E9F0086CDC4 /* Sources */ = {
			isa = PBXSourcesBuildPhase;
			buildActionMask = 2147483647;
			files = (
				60C4B08718637E9F0086CDC4 /* Lesson12_HW_1Tests.m in Sources */,
			);
			runOnlyForDeploymentPostprocessing = 0;
		};
/* End PBXSourcesBuildPhase section */

/* Begin PBXTargetDependency section */
		60C4B07F18637E9F0086CDC4 /* PBXTargetDependency */ = {
			isa = PBXTargetDependency;
			target = 60C4B05D18637E9F0086CDC4 /* Lesson12_HW_1 */;
			targetProxy = 60C4B07E18637E9F0086CDC4 /* PBXContainerItemProxy */;
		};
/* End PBXTargetDependency section */

/* Begin PBXVariantGroup section */
		60C4B06A18637E9F0086CDC4 /* InfoPlist.strings */ = {
			isa = PBXVariantGroup;
			children = (
				60C4B06B18637E9F0086CDC4 /* en */,
			);
			name = InfoPlist.strings;
			sourceTree = "<group>";
		};
		60C4B08318637E9F0086CDC4 /* InfoPlist.strings */ = {
			isa = PBXVariantGroup;
			children = (
				60C4B08418637E9F0086CDC4 /* en */,
			);
			name = InfoPlist.strings;
			sourceTree = "<group>";
		};
/* End PBXVariantGroup section */

/* Begin XCBuildConfiguration section */
		60C4B08818637E9F0086CDC4 /* Debug */ = {
			isa = XCBuildConfiguration;
			buildSettings = {
				ALWAYS_SEARCH_USER_PATHS = NO;
				ARCHS = "$(ARCHS_STANDARD_INCLUDING_64_BIT)";
				CLANG_CXX_LANGUAGE_STANDARD = "gnu++0x";
				CLANG_CXX_LIBRARY = "libc++";
				CLANG_ENABLE_MODULES = YES;
				CLANG_ENABLE_OBJC_ARC = YES;
				CLANG_WARN_BOOL_CONVERSION = YES;
				CLANG_WARN_CONSTANT_CONVERSION = YES;
				CLANG_WARN_DIRECT_OBJC_ISA_USAGE = YES_ERROR;
				CLANG_WARN_EMPTY_BODY = YES;
				CLANG_WARN_ENUM_CONVERSION = YES;
				CLANG_WARN_INT_CONVERSION = YES;
				CLANG_WARN_OBJC_ROOT_CLASS = YES_ERROR;
				CLANG_WARN__DUPLICATE_METHOD_MATCH = YES;
				"CODE_SIGN_IDENTITY[sdk=iphoneos*]" = "iPhone Developer";
				COPY_PHASE_STRIP = NO;
				GCC_C_LANGUAGE_STANDARD = gnu99;
				GCC_DYNAMIC_NO_PIC = NO;
				GCC_OPTIMIZATION_LEVEL = 0;
				GCC_PREPROCESSOR_DEFINITIONS = (
					"DEBUG=1",
					"$(inherited)",
				);
				GCC_SYMBOLS_PRIVATE_EXTERN = NO;
				GCC_WARN_64_TO_32_BIT_CONVERSION = YES;
				GCC_WARN_ABOUT_RETURN_TYPE = YES_ERROR;
				GCC_WARN_UNDECLARED_SELECTOR = YES;
				GCC_WARN_UNINITIALIZED_AUTOS = YES;
				GCC_WARN_UNUSED_FUNCTION = YES;
				GCC_WARN_UNUSED_VARIABLE = YES;
				IPHONEOS_DEPLOYMENT_TARGET = 7.0;
				ONLY_ACTIVE_ARCH = YES;
				SDKROOT = iphoneos;
			};
			name = Debug;
		};
		60C4B08918637E9F0086CDC4 /* Release */ = {
			isa = XCBuildConfiguration;
			buildSettings = {
				ALWAYS_SEARCH_USER_PATHS = NO;
				ARCHS = "$(ARCHS_STANDARD_INCLUDING_64_BIT)";
				CLANG_CXX_LANGUAGE_STANDARD = "gnu++0x";
				CLANG_CXX_LIBRARY = "libc++";
				CLANG_ENABLE_MODULES = YES;
				CLANG_ENABLE_OBJC_ARC = YES;
				CLANG_WARN_BOOL_CONVERSION = YES;
				CLANG_WARN_CONSTANT_CONVERSION = YES;
				CLANG_WARN_DIRECT_OBJC_ISA_USAGE = YES_ERROR;
				CLANG_WARN_EMPTY_BODY = YES;
				CLANG_WARN_ENUM_CONVERSION = YES;
				CLANG_WARN_INT_CONVERSION = YES;
				CLANG_WARN_OBJC_ROOT_CLASS = YES_ERROR;
				CLANG_WARN__DUPLICATE_METHOD_MATCH = YES;
				"CODE_SIGN_IDENTITY[sdk=iphoneos*]" = "iPhone Developer";
				COPY_PHASE_STRIP = YES;
				ENABLE_NS_ASSERTIONS = NO;
				GCC_C_LANGUAGE_STANDARD = gnu99;
				GCC_WARN_64_TO_32_BIT_CONVERSION = YES;
				GCC_WARN_ABOUT_RETURN_TYPE = YES_ERROR;
				GCC_WARN_UNDECLARED_SELECTOR = YES;
				GCC_WARN_UNINITIALIZED_AUTOS = YES;
				GCC_WARN_UNUSED_FUNCTION = YES;
				GCC_WARN_UNUSED_VARIABLE = YES;
				IPHONEOS_DEPLOYMENT_TARGET = 7.0;
				SDKROOT = iphoneos;
				VALIDATE_PRODUCT = YES;
			};
			name = Release;
		};
		60C4B08B18637E9F0086CDC4 /* Debug */ = {
			isa = XCBuildConfiguration;
			buildSettings = {
				ASSETCATALOG_COMPILER_APPICON_NAME = AppIcon;
				ASSETCATALOG_COMPILER_LAUNCHIMAGE_NAME = LaunchImage;
				GCC_PRECOMPILE_PREFIX_HEADER = YES;
				GCC_PREFIX_HEADER = "Lesson12_HW_1/Lesson12_HW_1-Prefix.pch";
				INFOPLIST_FILE = "Lesson12_HW_1/Lesson12_HW_1-Info.plist";
				PRODUCT_NAME = "$(TARGET_NAME)";
				WRAPPER_EXTENSION = app;
			};
			name = Debug;
		};
		60C4B08C18637E9F0086CDC4 /* Release */ = {
			isa = XCBuildConfiguration;
			buildSettings = {
				ASSETCATALOG_COMPILER_APPICON_NAME = AppIcon;
				ASSETCATALOG_COMPILER_LAUNCHIMAGE_NAME = LaunchImage;
				GCC_PRECOMPILE_PREFIX_HEADER = YES;
				GCC_PREFIX_HEADER = "Lesson12_HW_1/Lesson12_HW_1-Prefix.pch";
				INFOPLIST_FILE = "Lesson12_HW_1/Lesson12_HW_1-Info.plist";
				PRODUCT_NAME = "$(TARGET_NAME)";
				WRAPPER_EXTENSION = app;
			};
			name = Release;
		};
		60C4B08E18637E9F0086CDC4 /* Debug */ = {
			isa = XCBuildConfiguration;
			buildSettings = {
				ARCHS = "$(ARCHS_STANDARD_INCLUDING_64_BIT)";
				BUNDLE_LOADER = "$(BUILT_PRODUCTS_DIR)/Lesson12_HW_1.app/Lesson12_HW_1";
				FRAMEWORK_SEARCH_PATHS = (
					"$(SDKROOT)/Developer/Library/Frameworks",
					"$(inherited)",
					"$(DEVELOPER_FRAMEWORKS_DIR)",
				);
				GCC_PRECOMPILE_PREFIX_HEADER = YES;
				GCC_PREFIX_HEADER = "Lesson12_HW_1/Lesson12_HW_1-Prefix.pch";
				GCC_PREPROCESSOR_DEFINITIONS = (
					"DEBUG=1",
					"$(inherited)",
				);
				INFOPLIST_FILE = "Lesson12_HW_1Tests/Lesson12_HW_1Tests-Info.plist";
				PRODUCT_NAME = "$(TARGET_NAME)";
				TEST_HOST = "$(BUNDLE_LOADER)";
				WRAPPER_EXTENSION = xctest;
			};
			name = Debug;
		};
		60C4B08F18637E9F0086CDC4 /* Release */ = {
			isa = XCBuildConfiguration;
			buildSettings = {
				ARCHS = "$(ARCHS_STANDARD_INCLUDING_64_BIT)";
				BUNDLE_LOADER = "$(BUILT_PRODUCTS_DIR)/Lesson12_HW_1.app/Lesson12_HW_1";
				FRAMEWORK_SEARCH_PATHS = (
					"$(SDKROOT)/Developer/Library/Frameworks",
					"$(inherited)",
					"$(DEVELOPER_FRAMEWORKS_DIR)",
				);
				GCC_PRECOMPILE_PREFIX_HEADER = YES;
				GCC_PREFIX_HEADER = "Lesson12_HW_1/Lesson12_HW_1-Prefix.pch";
				INFOPLIST_FILE = "Lesson12_HW_1Tests/Lesson12_HW_1Tests-Info.plist";
				PRODUCT_NAME = "$(TARGET_NAME)";
				TEST_HOST = "$(BUNDLE_LOADER)";
				WRAPPER_EXTENSION = xctest;
			};
			name = Release;
		};
/* End XCBuildConfiguration section */

/* Begin XCConfigurationList section */
		60C4B05918637E9F0086CDC4 /* Build configuration list for PBXProject "Lesson12_HW_1" */ = {
			isa = XCConfigurationList;
			buildConfigurations = (
				60C4B08818637E9F0086CDC4 /* Debug */,
				60C4B08918637E9F0086CDC4 /* Release */,
			);
			defaultConfigurationIsVisible = 0;
			defaultConfigurationName = Release;
		};
		60C4B08A18637E9F0086CDC4 /* Build configuration list for PBXNativeTarget "Lesson12_HW_1" */ = {
			isa = XCConfigurationList;
			buildConfigurations = (
				60C4B08B18637E9F0086CDC4 /* Debug */,
				60C4B08C18637E9F0086CDC4 /* Release */,
			);
			defaultConfigurationIsVisible = 0;
		};
		60C4B08D18637E9F0086CDC4 /* Build configuration list for PBXNativeTarget "Lesson12_HW_1Tests" */ = {
			isa = XCConfigurationList;
			buildConfigurations = (
				60C4B08E18637E9F0086CDC4 /* Debug */,
				60C4B08F18637E9F0086CDC4 /* Release */,
			);
			defaultConfigurationIsVisible = 0;
		};
/* End XCConfigurationList section */
	};
	rootObject = 60C4B05618637E9F0086CDC4 /* Project object */;
}
